// !$*UTF8*$!
{
	archiveVersion = 1;
	classes = {
	};
	objectVersion = 77;
	objects = {

/* Begin PBXBuildFile section */
		06FC304789FE76128EFD449A /* CommandParser.swift in Sources */ = {isa = PBXBuildFile; fileRef = 6D2BB1658B55E8187CF4C54A /* CommandParser.swift */; };
		0B46A3719AC00BFB21CB2A61 /* CityCatalog.swift in Sources */ = {isa = PBXBuildFile; fileRef = BE5915D8F86584336F4C25BA /* CityCatalog.swift */; };
		1F360B19687A5C6E3B71357A /* InviteFormatter.swift in Sources */ = {isa = PBXBuildFile; fileRef = 134C27B1D9D005AFDC7081D0 /* InviteFormatter.swift */; };
		31A2756EA5A8FC3EFDCE437C /* OverlapApp.swift in Sources */ = {isa = PBXBuildFile; fileRef = DE5845BF206A0A5C7EBFDC62 /* OverlapApp.swift */; };
		3BF126A06D940B25A0F2BFD4 /* HotKeyManager.swift in Sources */ = {isa = PBXBuildFile; fileRef = 0770DEA8EF57FAE6A0A8A822 /* HotKeyManager.swift */; };
		40BFA903CA822F774A31D40E /* TimeMath.swift in Sources */ = {isa = PBXBuildFile; fileRef = 8B02BB3E2E2FBE7049AC6340 /* TimeMath.swift */; };
		58FE42C1DD7B02561FD91DF0 /* ContentView.swift in Sources */ = {isa = PBXBuildFile; fileRef = F1A5586064A94AF6A620303E /* ContentView.swift */; };
		60337EA56ECA0F8FB197A4B6 /* SummaryBar.swift in Sources */ = {isa = PBXBuildFile; fileRef = F20EA42CE7C93E9AF6E55A6C /* SummaryBar.swift */; };
		68AFAD054D50CA7E285AF117 /* CalendarService.swift in Sources */ = {isa = PBXBuildFile; fileRef = 0CE8F716A5130B1BD16FC99C /* CalendarService.swift */; };
		693AD6CCEDBA59C830829A60 /* Theme.swift in Sources */ = {isa = PBXBuildFile; fileRef = E95454D05840752E349AE47C /* Theme.swift */; };
		7C8B088C721C412FE63E4C12 /* Place.swift in Sources */ = {isa = PBXBuildFile; fileRef = F16D15802E7D5D291936CDC2 /* Place.swift */; };
		98F913D8DBEDD4B79D0FD6E7 /* InviteFormatter.swift in Sources */ = {isa = PBXBuildFile; fileRef = 134C27B1D9D005AFDC7081D0 /* InviteFormatter.swift */; };
		B1E7C4ABB3FE27BAAC4E7E21 /* OverlapTests.swift in Sources */ = {isa = PBXBuildFile; fileRef = 6159ADF21E69C8EDA8E5BAF3 /* OverlapTests.swift */; };
		B5FD7D7AD65C5E8D9F2D60C4 /* CommandParser.swift in Sources */ = {isa = PBXBuildFile; fileRef = 6D2BB1658B55E8187CF4C54A /* CommandParser.swift */; };
		C465610AF1031E032D498F87 /* HourStrip.swift in Sources */ = {isa = PBXBuildFile; fileRef = E43BEA9F6EDB92931D969674 /* HourStrip.swift */; };
		D4997B8489F7DA011ABD79E6 /* Place.swift in Sources */ = {isa = PBXBuildFile; fileRef = F16D15802E7D5D291936CDC2 /* Place.swift */; };
		F4C99B55105F33B9A087705D /* CityCatalog.swift in Sources */ = {isa = PBXBuildFile; fileRef = BE5915D8F86584336F4C25BA /* CityCatalog.swift */; };
		FDE9C82D2C0A2EE86A404EF7 /* TimeMath.swift in Sources */ = {isa = PBXBuildFile; fileRef = 8B02BB3E2E2FBE7049AC6340 /* TimeMath.swift */; };
/* End PBXBuildFile section */

/* Begin PBXFileReference section */
		0770DEA8EF57FAE6A0A8A822 /* HotKeyManager.swift */ = {isa = PBXFileReference; lastKnownFileType = sourcecode.swift; path = HotKeyManager.swift; sourceTree = "<group>"; };
		0CE8F716A5130B1BD16FC99C /* CalendarService.swift */ = {isa = PBXFileReference; lastKnownFileType = sourcecode.swift; path = CalendarService.swift; sourceTree = "<group>"; };
		134C27B1D9D005AFDC7081D0 /* InviteFormatter.swift */ = {isa = PBXFileReference; lastKnownFileType = sourcecode.swift; path = InviteFormatter.swift; sourceTree = "<group>"; };
		59D9E64BA5941070DF7C36F7 /* Info.plist */ = {isa = PBXFileReference; lastKnownFileType = text.plist; path = Info.plist; sourceTree = "<group>"; };
		6159ADF21E69C8EDA8E5BAF3 /* OverlapTests.swift */ = {isa = PBXFileReference; lastKnownFileType = sourcecode.swift; path = OverlapTests.swift; sourceTree = "<group>"; };
		6D2BB1658B55E8187CF4C54A /* CommandParser.swift */ = {isa = PBXFileReference; lastKnownFileType = sourcecode.swift; path = CommandParser.swift; sourceTree = "<group>"; };
		719B69CEE6F7321019A5B404 /* OverlapTests.xctest */ = {isa = PBXFileReference; explicitFileType = wrapper.cfbundle; includeInIndex = 0; path = OverlapTests.xctest; sourceTree = BUILT_PRODUCTS_DIR; };
		8B02BB3E2E2FBE7049AC6340 /* TimeMath.swift */ = {isa = PBXFileReference; lastKnownFileType = sourcecode.swift; path = TimeMath.swift; sourceTree = "<group>"; };
		BE5915D8F86584336F4C25BA /* CityCatalog.swift */ = {isa = PBXFileReference; lastKnownFileType = sourcecode.swift; path = CityCatalog.swift; sourceTree = "<group>"; };
		D1F45A6D0FEF48E8E8466FD6 /* Overlap.app */ = {isa = PBXFileReference; explicitFileType = wrapper.application; includeInIndex = 0; path = Overlap.app; sourceTree = BUILT_PRODUCTS_DIR; };
		DE5845BF206A0A5C7EBFDC62 /* OverlapApp.swift */ = {isa = PBXFileReference; lastKnownFileType = sourcecode.swift; path = OverlapApp.swift; sourceTree = "<group>"; };
		E43BEA9F6EDB92931D969674 /* HourStrip.swift */ = {isa = PBXFileReference; lastKnownFileType = sourcecode.swift; path = HourStrip.swift; sourceTree = "<group>"; };
		E95454D05840752E349AE47C /* Theme.swift */ = {isa = PBXFileReference; lastKnownFileType = sourcecode.swift; path = Theme.swift; sourceTree = "<group>"; };
		F16D15802E7D5D291936CDC2 /* Place.swift */ = {isa = PBXFileReference; lastKnownFileType = sourcecode.swift; path = Place.swift; sourceTree = "<group>"; };
		F1A5586064A94AF6A620303E /* ContentView.swift */ = {isa = PBXFileReference; lastKnownFileType = sourcecode.swift; path = ContentView.swift; sourceTree = "<group>"; };
		F20EA42CE7C93E9AF6E55A6C /* SummaryBar.swift */ = {isa = PBXFileReference; lastKnownFileType = sourcecode.swift; path = SummaryBar.swift; sourceTree = "<group>"; };
/* End PBXFileReference section */

/* Begin PBXGroup section */
		056AA80EF23DF3AE3F31CFE5 /* Products */ = {
			isa = PBXGroup;
			children = (
				D1F45A6D0FEF48E8E8466FD6 /* Overlap.app */,
				719B69CEE6F7321019A5B404 /* OverlapTests.xctest */,
			);
			name = Products;
			sourceTree = "<group>";
		};
		2B637B9B1BA565B8619A7011 = {
			isa = PBXGroup;
			children = (
				DD1905ED2741E9AE4E669D0B /* Overlap */,
				C516EF981154DDA3D5D178E8 /* OverlapTests */,
				056AA80EF23DF3AE3F31CFE5 /* Products */,
			);
			sourceTree = "<group>";
		};
		C516EF981154DDA3D5D178E8 /* OverlapTests */ = {
			isa = PBXGroup;
			children = (
				6159ADF21E69C8EDA8E5BAF3 /* OverlapTests.swift */,
			);
			path = OverlapTests;
			sourceTree = "<group>";
		};
		DD1905ED2741E9AE4E669D0B /* Overlap */ = {
			isa = PBXGroup;
			children = (
				0CE8F716A5130B1BD16FC99C /* CalendarService.swift */,
				BE5915D8F86584336F4C25BA /* CityCatalog.swift */,
				6D2BB1658B55E8187CF4C54A /* CommandParser.swift */,
				F1A5586064A94AF6A620303E /* ContentView.swift */,
				0770DEA8EF57FAE6A0A8A822 /* HotKeyManager.swift */,
				E43BEA9F6EDB92931D969674 /* HourStrip.swift */,
				59D9E64BA5941070DF7C36F7 /* Info.plist */,
				134C27B1D9D005AFDC7081D0 /* InviteFormatter.swift */,
				DE5845BF206A0A5C7EBFDC62 /* OverlapApp.swift */,
				F16D15802E7D5D291936CDC2 /* Place.swift */,
				F20EA42CE7C93E9AF6E55A6C /* SummaryBar.swift */,
				E95454D05840752E349AE47C /* Theme.swift */,
				8B02BB3E2E2FBE7049AC6340 /* TimeMath.swift */,
			);
			path = Overlap;
			sourceTree = "<group>";
		};
/* End PBXGroup section */

/* Begin PBXNativeTarget section */
		8E95B97913FF8DE5E7F200D7 /* Overlap */ = {
			isa = PBXNativeTarget;
			buildConfigurationList = 941E7B49CC7F6BD67214FC06 /* Build configuration list for PBXNativeTarget "Overlap" */;
			buildPhases = (
				E809EC63F24E2FB098795958 /* Sources */,
			);
			buildRules = (
			);
			dependencies = (
			);
			name = Overlap;
			packageProductDependencies = (
			);
			productName = Overlap;
			productReference = D1F45A6D0FEF48E8E8466FD6 /* Overlap.app */;
			productType = "com.apple.product-type.application";
		};
		B7A362A2DAE07A3525DDB668 /* OverlapTests */ = {
			isa = PBXNativeTarget;
			buildConfigurationList = B5281F46AA51FE80409FFBFE /* Build configuration list for PBXNativeTarget "OverlapTests" */;
			buildPhases = (
				C38F998D4AA382A65982B871 /* Sources */,
			);
			buildRules = (
			);
			dependencies = (
			);
			name = OverlapTests;
			packageProductDependencies = (
			);
			productName = OverlapTests;
			productReference = 719B69CEE6F7321019A5B404 /* OverlapTests.xctest */;
			productType = "com.apple.product-type.bundle.unit-test";
		};
/* End PBXNativeTarget section */

/* Begin PBXProject section */
		66EA416549FFFC555ABFD400 /* Project object */ = {
			isa = PBXProject;
			attributes = {
				BuildIndependentTargetsInParallel = YES;
				LastUpgradeCheck = 1430;
				TargetAttributes = {
					8E95B97913FF8DE5E7F200D7 = {
						ProvisioningStyle = Automatic;
					};
				};
			};
			buildConfigurationList = 007179EA86BC86183C875795 /* Build configuration list for PBXProject "Overlap" */;
			developmentRegion = en;
			hasScannedForEncodings = 0;
			knownRegions = (
				Base,
				en,
			);
			mainGroup = 2B637B9B1BA565B8619A7011;
			minimizedProjectReferenceProxies = 1;
			preferredProjectObjectVersion = 77;
			productRefGroup = 056AA80EF23DF3AE3F31CFE5 /* Products */;
			projectDirPath = "";
			projectRoot = "";
			targets = (
				8E95B97913FF8DE5E7F200D7 /* Overlap */,
				B7A362A2DAE07A3525DDB668 /* OverlapTests */,
			);
		};
/* End PBXProject section */

/* Begin PBXSourcesBuildPhase section */
		C38F998D4AA382A65982B871 /* Sources */ = {
			isa = PBXSourcesBuildPhase;
			buildActionMask = 2147483647;
			files = (
				F4C99B55105F33B9A087705D /* CityCatalog.swift in Sources */,
				B5FD7D7AD65C5E8D9F2D60C4 /* CommandParser.swift in Sources */,
				98F913D8DBEDD4B79D0FD6E7 /* InviteFormatter.swift in Sources */,
				B1E7C4ABB3FE27BAAC4E7E21 /* OverlapTests.swift in Sources */,
				7C8B088C721C412FE63E4C12 /* Place.swift in Sources */,
				FDE9C82D2C0A2EE86A404EF7 /* TimeMath.swift in Sources */,
			);
			runOnlyForDeploymentPostprocessing = 0;
		};
		E809EC63F24E2FB098795958 /* Sources */ = {
			isa = PBXSourcesBuildPhase;
			buildActionMask = 2147483647;
			files = (
				68AFAD054D50CA7E285AF117 /* CalendarService.swift in Sources */,
				0B46A3719AC00BFB21CB2A61 /* CityCatalog.swift in Sources */,
				06FC304789FE76128EFD449A /* CommandParser.swift in Sources */,
				58FE42C1DD7B02561FD91DF0 /* ContentView.swift in Sources */,
				3BF126A06D940B25A0F2BFD4 /* HotKeyManager.swift in Sources */,
				C465610AF1031E032D498F87 /* HourStrip.swift in Sources */,
				1F360B19687A5C6E3B71357A /* InviteFormatter.swift in Sources */,
				31A2756EA5A8FC3EFDCE437C /* OverlapApp.swift in Sources */,
				D4997B8489F7DA011ABD79E6 /* Place.swift in Sources */,
				60337EA56ECA0F8FB197A4B6 /* SummaryBar.swift in Sources */,
				693AD6CCEDBA59C830829A60 /* Theme.swift in Sources */,
				40BFA903CA822F774A31D40E /* TimeMath.swift in Sources */,
			);
			runOnlyForDeploymentPostprocessing = 0;
		};
/* End PBXSourcesBuildPhase section */

/* Begin XCBuildConfiguration section */
		35842FAAC3E0DBA74B5D9B99 /* Release */ = {
			isa = XCBuildConfiguration;
			buildSettings = {
				ALWAYS_SEARCH_USER_PATHS = NO;
				CLANG_ANALYZER_NONNULL = YES;
				CLANG_ANALYZER_NUMBER_OBJECT_CONVERSION = YES_AGGRESSIVE;
				CLANG_CXX_LANGUAGE_STANDARD = "gnu++14";
				CLANG_CXX_LIBRARY = "libc++";
				CLANG_ENABLE_MODULES = YES;
				CLANG_ENABLE_OBJC_ARC = YES;
				CLANG_ENABLE_OBJC_WEAK = YES;
				CLANG_WARN_BLOCK_CAPTURE_AUTORELEASING = YES;
				CLANG_WARN_BOOL_CONVERSION = YES;
				CLANG_WARN_COMMA = YES;
				CLANG_WARN_CONSTANT_CONVERSION = YES;
				CLANG_WARN_DEPRECATED_OBJC_IMPLEMENTATIONS = YES;
				CLANG_WARN_DIRECT_OBJC_ISA_USAGE = YES_ERROR;
				CLANG_WARN_DOCUMENTATION_COMMENTS = YES;
				CLANG_WARN_EMPTY_BODY = YES;
				CLANG_WARN_ENUM_CONVERSION = YES;
				CLANG_WARN_INFINITE_RECURSION = YES;
				CLANG_WARN_INT_CONVERSION = YES;
				CLANG_WARN_NON_LITERAL_NULL_CONVERSION = YES;
				CLANG_WARN_OBJC_IMPLICIT_RETAIN_SELF = YES;
				CLANG_WARN_OBJC_LITERAL_CONVERSION = YES;
				CLANG_WARN_OBJC_ROOT_CLASS = YES_ERROR;
				CLANG_WARN_QUOTED_INCLUDE_IN_FRAMEWORK_HEADER = YES;
				CLANG_WARN_RANGE_LOOP_ANALYSIS = YES;
				CLANG_WARN_STRICT_PROTOTYPES = YES;
				CLANG_WARN_SUSPICIOUS_MOVE = YES;
				CLANG_WARN_UNGUARDED_AVAILABILITY = YES_AGGRESSIVE;
				CLANG_WARN_UNREACHABLE_CODE = YES;
				CLANG_WARN__DUPLICATE_METHOD_MATCH = YES;
				COPY_PHASE_STRIP = NO;
				DEBUG_INFORMATION_FORMAT = "dwarf-with-dsym";
				ENABLE_NS_ASSERTIONS = NO;
				ENABLE_STRICT_OBJC_MSGSEND = YES;
				GCC_C_LANGUAGE_STANDARD = gnu11;
				GCC_NO_COMMON_BLOCKS = YES;
				GCC_WARN_64_TO_32_BIT_CONVERSION = YES;
				GCC_WARN_ABOUT_RETURN_TYPE = YES_ERROR;
				GCC_WARN_UNDECLARED_SELECTOR = YES;
				GCC_WARN_UNINITIALIZED_AUTOS = YES_AGGRESSIVE;
				GCC_WARN_UNUSED_FUNCTION = YES;
				GCC_WARN_UNUSED_VARIABLE = YES;
				MACOSX_DEPLOYMENT_TARGET = 14.0;
				MTL_ENABLE_DEBUG_INFO = NO;
				MTL_FAST_MATH = YES;
				PRODUCT_NAME = "$(TARGET_NAME)";
				SDKROOT = macosx;
				SWIFT_COMPILATION_MODE = wholemodule;
				SWIFT_OPTIMIZATION_LEVEL = "-O";
				SWIFT_VERSION = 5.0;
			};
			name = Release;
		};
		7272FF743CFA5EC579DFABB0 /* Debug */ = {
			isa = XCBuildConfiguration;
			buildSettings = {
				ASSETCATALOG_COMPILER_APPICON_NAME = AppIcon;
				CODE_SIGN_IDENTITY = "-";
				CODE_SIGN_STYLE = Automatic;
				COMBINE_HIDPI_IMAGES = YES;
				ENABLE_HARDENED_RUNTIME = YES;
				GENERATE_INFOPLIST_FILE = NO;
				INFOPLIST_FILE = Overlap/Info.plist;
				LD_RUNPATH_SEARCH_PATHS = (
					"$(inherited)",
					"@executable_path/../Frameworks",
				);
				MACOSX_DEPLOYMENT_TARGET = 14.0;
				PRODUCT_BUNDLE_IDENTIFIER = land.mattberg.overlap;
				PRODUCT_NAME = Overlap;
				SDKROOT = macosx;
				SWIFT_STRICT_CONCURRENCY = minimal;
				SWIFT_VERSION = 5.0;
			};
			name = Debug;
		};
		8765F7315E56D1E33BECF7AC /* Release */ = {
			isa = XCBuildConfiguration;
			buildSettings = {
				BUNDLE_LOADER = "$(TEST_HOST)";
				COMBINE_HIDPI_IMAGES = YES;
				GENERATE_INFOPLIST_FILE = YES;
				LD_RUNPATH_SEARCH_PATHS = (
					"$(inherited)",
					"@executable_path/../Frameworks",
					"@loader_path/../Frameworks",
				);
				MACOSX_DEPLOYMENT_TARGET = 14.0;
				PRODUCT_BUNDLE_IDENTIFIER = land.mattberg.overlap.tests;
				SDKROOT = macosx;
				SWIFT_VERSION = 5.0;
			};
			name = Release;
		};
		88F92FEE9AE948F86B6338A3 /* Release */ = {
			isa = XCBuildConfiguration;
			buildSettings = {
				ASSETCATALOG_COMPILER_APPICON_NAME = AppIcon;
				CODE_SIGN_IDENTITY = "-";
				CODE_SIGN_STYLE = Automatic;
				COMBINE_HIDPI_IMAGES = YES;
				ENABLE_HARDENED_RUNTIME = YES;
				GENERATE_INFOPLIST_FILE = NO;
				INFOPLIST_FILE = Overlap/Info.plist;
				LD_RUNPATH_SEARCH_PATHS = (
					"$(inherited)",
					"@executable_path/../Frameworks",
				);
				MACOSX_DEPLOYMENT_TARGET = 14.0;
				PRODUCT_BUNDLE_IDENTIFIER = land.mattberg.overlap;
				PRODUCT_NAME = Overlap;
				SDKROOT = macosx;
				SWIFT_STRICT_CONCURRENCY = minimal;
				SWIFT_VERSION = 5.0;
			};
			name = Release;
		};
		9451FD52E990F10E6189B3FE /* Debug */ = {
			isa = XCBuildConfiguration;
			buildSettings = {
				BUNDLE_LOADER = "$(TEST_HOST)";
				COMBINE_HIDPI_IMAGES = YES;
				GENERATE_INFOPLIST_FILE = YES;
				LD_RUNPATH_SEARCH_PATHS = (
					"$(inherited)",
					"@executable_path/../Frameworks",
					"@loader_path/../Frameworks",
				);
				MACOSX_DEPLOYMENT_TARGET = 14.0;
				PRODUCT_BUNDLE_IDENTIFIER = land.mattberg.overlap.tests;
				SDKROOT = macosx;
				SWIFT_VERSION = 5.0;
			};
			name = Debug;
		};
		FD3058CE9DB28A8FD2575CC4 /* Debug */ = {
			isa = XCBuildConfiguration;
			buildSettings = {
				ALWAYS_SEARCH_USER_PATHS = NO;
				CLANG_ANALYZER_NONNULL = YES;
				CLANG_ANALYZER_NUMBER_OBJECT_CONVERSION = YES_AGGRESSIVE;
				CLANG_CXX_LANGUAGE_STANDARD = "gnu++14";
				CLANG_CXX_LIBRARY = "libc++";
				CLANG_ENABLE_MODULES = YES;
				CLANG_ENABLE_OBJC_ARC = YES;
				CLANG_ENABLE_OBJC_WEAK = YES;
				CLANG_WARN_BLOCK_CAPTURE_AUTORELEASING = YES;
				CLANG_WARN_BOOL_CONVERSION = YES;
				CLANG_WARN_COMMA = YES;
				CLANG_WARN_CONSTANT_CONVERSION = YES;
				CLANG_WARN_DEPRECATED_OBJC_IMPLEMENTATIONS = YES;
				CLANG_WARN_DIRECT_OBJC_ISA_USAGE = YES_ERROR;
				CLANG_WARN_DOCUMENTATION_COMMENTS = YES;
				CLANG_WARN_EMPTY_BODY = YES;
				CLANG_WARN_ENUM_CONVERSION = YES;
				CLANG_WARN_INFINITE_RECURSION = YES;
				CLANG_WARN_INT_CONVERSION = YES;
				CLANG_WARN_NON_LITERAL_NULL_CONVERSION = YES;
				CLANG_WARN_OBJC_IMPLICIT_RETAIN_SELF = YES;
				CLANG_WARN_OBJC_LITERAL_CONVERSION = YES;
				CLANG_WARN_OBJC_ROOT_CLASS = YES_ERROR;
				CLANG_WARN_QUOTED_INCLUDE_IN_FRAMEWORK_HEADER = YES;
				CLANG_WARN_RANGE_LOOP_ANALYSIS = YES;
				CLANG_WARN_STRICT_PROTOTYPES = YES;
				CLANG_WARN_SUSPICIOUS_MOVE = YES;
				CLANG_WARN_UNGUARDED_AVAILABILITY = YES_AGGRESSIVE;
				CLANG_WARN_UNREACHABLE_CODE = YES;
				CLANG_WARN__DUPLICATE_METHOD_MATCH = YES;
				COPY_PHASE_STRIP = NO;
				DEBUG_INFORMATION_FORMAT = dwarf;
				ENABLE_STRICT_OBJC_MSGSEND = YES;
				ENABLE_TESTABILITY = YES;
				GCC_C_LANGUAGE_STANDARD = gnu11;
				GCC_DYNAMIC_NO_PIC = NO;
				GCC_NO_COMMON_BLOCKS = YES;
				GCC_OPTIMIZATION_LEVEL = 0;
				GCC_PREPROCESSOR_DEFINITIONS = (
					"$(inherited)",
					"DEBUG=1",
				);
				GCC_WARN_64_TO_32_BIT_CONVERSION = YES;
				GCC_WARN_ABOUT_RETURN_TYPE = YES_ERROR;
				GCC_WARN_UNDECLARED_SELECTOR = YES;
				GCC_WARN_UNINITIALIZED_AUTOS = YES_AGGRESSIVE;
				GCC_WARN_UNUSED_FUNCTION = YES;
				GCC_WARN_UNUSED_VARIABLE = YES;
				MACOSX_DEPLOYMENT_TARGET = 14.0;
				MTL_ENABLE_DEBUG_INFO = INCLUDE_SOURCE;
				MTL_FAST_MATH = YES;
				ONLY_ACTIVE_ARCH = YES;
				PRODUCT_NAME = "$(TARGET_NAME)";
				SDKROOT = macosx;
				SWIFT_ACTIVE_COMPILATION_CONDITIONS = DEBUG;
				SWIFT_OPTIMIZATION_LEVEL = "-Onone";
				SWIFT_VERSION = 5.0;
			};
			name = Debug;
		};
/* End XCBuildConfiguration section */

/* Begin XCConfigurationList section */
		007179EA86BC86183C875795 /* Build configuration list for PBXProject "Overlap" */ = {
			isa = XCConfigurationList;
			buildConfigurations = (
				FD3058CE9DB28A8FD2575CC4 /* Debug */,
				35842FAAC3E0DBA74B5D9B99 /* Release */,
			);
			defaultConfigurationIsVisible = 0;
			defaultConfigurationName = Debug;
		};
		941E7B49CC7F6BD67214FC06 /* Build configuration list for PBXNativeTarget "Overlap" */ = {
			isa = XCConfigurationList;
			buildConfigurations = (
				7272FF743CFA5EC579DFABB0 /* Debug */,
				88F92FEE9AE948F86B6338A3 /* Release */,
			);
			defaultConfigurationIsVisible = 0;
			defaultConfigurationName = Debug;
		};
		B5281F46AA51FE80409FFBFE /* Build configuration list for PBXNativeTarget "OverlapTests" */ = {
			isa = XCConfigurationList;
			buildConfigurations = (
				9451FD52E990F10E6189B3FE /* Debug */,
				8765F7315E56D1E33BECF7AC /* Release */,
			);
			defaultConfigurationIsVisible = 0;
			defaultConfigurationName = Debug;
		};
/* End XCConfigurationList section */
	};
	rootObject = 66EA416549FFFC555ABFD400 /* Project object */;
}
